// !$*UTF8*$!
{
	archiveVersion = 1;
	classes = {
	};
	objectVersion = 46;
	objects = {

/* Begin PBXBuildFile section */
		466C0BB31F271D5B00F566A9 /* main.m in Sources */ = {isa = PBXBuildFile; fileRef = 466C0BB21F271D5B00F566A9 /* main.m */; };
		466C0BB61F271D5B00F566A9 /* AppDelegate.m in Sources */ = {isa = PBXBuildFile; fileRef = 466C0BB51F271D5B00F566A9 /* AppDelegate.m */; };
		466C0BB91F271D5B00F566A9 /* ViewController.m in Sources */ = {isa = PBXBuildFile; fileRef = 466C0BB81F271D5B00F566A9 /* ViewController.m */; };
		466C0BBC1F271D5B00F566A9 /* Main.storyboard in Resources */ = {isa = PBXBuildFile; fileRef = 466C0BBA1F271D5B00F566A9 /* Main.storyboard */; };
		466C0BBE1F271D5B00F566A9 /* Assets.xcassets in Resources */ = {isa = PBXBuildFile; fileRef = 466C0BBD1F271D5B00F566A9 /* Assets.xcassets */; };
		466C0BC11F271D5B00F566A9 /* LaunchScreen.storyboard in Resources */ = {isa = PBXBuildFile; fileRef = 466C0BBF1F271D5B00F566A9 /* LaunchScreen.storyboard */; };
		466C0BCC1F271D5B00F566A9 /* _QCloudPlayerDemo___Tests.m in Sources */ = {isa = PBXBuildFile; fileRef = 466C0BCB1F271D5B00F566A9 /* _QCloudPlayerDemo___Tests.m */; };
		466C0BD71F271D5C00F566A9 /* _QCloudPlayerDemo___UITests.m in Sources */ = {isa = PBXBuildFile; fileRef = 466C0BD61F271D5C00F566A9 /* _QCloudPlayerDemo___UITests.m */; };
		466C0BE61F271E6300F566A9 /* libicucore.tbd in Frameworks */ = {isa = PBXBuildFile; fileRef = 466C0BE51F271E6300F566A9 /* libicucore.tbd */; };
		466C0BE81F271E6C00F566A9 /* libresolv.9.tbd in Frameworks */ = {isa = PBXBuildFile; fileRef = 466C0BE71F271E6C00F566A9 /* libresolv.9.tbd */; };
		466C0BEA1F271E7B00F566A9 /* libz.tbd in Frameworks */ = {isa = PBXBuildFile; fileRef = 466C0BE91F271E7B00F566A9 /* libz.tbd */; };
		466C0BEC1F271E8500F566A9 /* libc++.tbd in Frameworks */ = {isa = PBXBuildFile; fileRef = 466C0BEB1F271E8500F566A9 /* libc++.tbd */; };
		466C0BF01F27204D00F566A9 /* libc.tbd in Frameworks */ = {isa = PBXBuildFile; fileRef = 466C0BEF1F27204D00F566A9 /* libc.tbd */; };
		466C0BF51F2727F400F566A9 /* QCloudVideoPlayer.framework in Frameworks */ = {isa = PBXBuildFile; fileRef = 466C0BF41F2727F400F566A9 /* QCloudVideoPlayer.framework */; settings = {ATTRIBUTES = (Weak, ); }; };
		466C0BF61F272A7200F566A9 /* QCloudVideoPlayer.framework in Frameworks */ = {isa = PBXBuildFile; fileRef = 466C0BF41F2727F400F566A9 /* QCloudVideoPlayer.framework */; };
		466C0BF71F272A7200F566A9 /* QCloudVideoPlayer.framework in Embed Frameworks */ = {isa = PBXBuildFile; fileRef = 466C0BF41F2727F400F566A9 /* QCloudVideoPlayer.framework */; settings = {ATTRIBUTES = (CodeSignOnCopy, RemoveHeadersOnCopy, ); }; };
/* End PBXBuildFile section */

/* Begin PBXContainerItemProxy section */
		466C0BC81F271D5B00F566A9 /* PBXContainerItemProxy */ = {
			isa = PBXContainerItemProxy;
			containerPortal = 466C0BA61F271D5B00F566A9 /* Project object */;
			proxyType = 1;
			remoteGlobalIDString = 466C0BAD1F271D5B00F566A9;
			remoteInfo = "\bQCloudPlayerDemo\b\b\b";
		};
		466C0BD31F271D5C00F566A9 /* PBXContainerItemProxy */ = {
			isa = PBXContainerItemProxy;
			containerPortal = 466C0BA61F271D5B00F566A9 /* Project object */;
			proxyType = 1;
			remoteGlobalIDString = 466C0BAD1F271D5B00F566A9;
			remoteInfo = "\bQCloudPlayerDemo\b\b\b";
		};
/* End PBXContainerItemProxy section */

/* Begin PBXCopyFilesBuildPhase section */
		466C0BF81F272A7200F566A9 /* Embed Frameworks */ = {
			isa = PBXCopyFilesBuildPhase;
			buildActionMask = 2147483647;
			dstPath = "";
			dstSubfolderSpec = 10;
			files = (
				466C0BF71F272A7200F566A9 /* QCloudVideoPlayer.framework in Embed Frameworks */,
			);
			name = "Embed Frameworks";
			runOnlyForDeploymentPostprocessing = 0;
		};
/* End PBXCopyFilesBuildPhase section */

/* Begin PBXFileReference section */
		466C0BAE1F271D5B00F566A9 /* QCloudPlayerDemo.app */ = {isa = PBXFileReference; explicitFileType = wrapper.application; includeInIndex = 0; path = "\bQCloudPlayerDemo\b\b\b.app"; sourceTree = BUILT_PRODUCTS_DIR; };
		466C0BB21F271D5B00F566A9 /* main.m */ = {isa = PBXFileReference; lastKnownFileType = sourcecode.c.objc; path = main.m; sourceTree = "<group>"; };
		466C0BB41F271D5B00F566A9 /* AppDelegate.h */ = {isa = PBXFileReference; lastKnownFileType = sourcecode.c.h; path = AppDelegate.h; sourceTree = "<group>"; };
		466C0BB51F271D5B00F566A9 /* AppDelegate.m */ = {isa = PBXFileReference; lastKnownFileType = sourcecode.c.objc; path = AppDelegate.m; sourceTree = "<group>"; };
		466C0BB71F271D5B00F566A9 /* ViewController.h */ = {isa = PBXFileReference; lastKnownFileType = sourcecode.c.h; path = ViewController.h; sourceTree = "<group>"; };
		466C0BB81F271D5B00F566A9 /* ViewController.m */ = {isa = PBXFileReference; lastKnownFileType = sourcecode.c.objc; path = ViewController.m; sourceTree = "<group>"; };
		466C0BBB1F271D5B00F566A9 /* Base */ = {isa = PBXFileReference; lastKnownFileType = file.storyboard; name = Base; path = Base.lproj/Main.storyboard; sourceTree = "<group>"; };
		466C0BBD1F271D5B00F566A9 /* Assets.xcassets */ = {isa = PBXFileReference; lastKnownFileType = folder.assetcatalog; path = Assets.xcassets; sourceTree = "<group>"; };
		466C0BC01F271D5B00F566A9 /* Base */ = {isa = PBXFileReference; lastKnownFileType = file.storyboard; name = Base; path = Base.lproj/LaunchScreen.storyboard; sourceTree = "<group>"; };
		466C0BC21F271D5B00F566A9 /* Info.plist */ = {isa = PBXFileReference; lastKnownFileType = text.plist.xml; path = Info.plist; sourceTree = "<group>"; };
		466C0BC71F271D5B00F566A9 /* QCloudPlayerDemoTests.xctest */ = {isa = PBXFileReference; explicitFileType = wrapper.cfbundle; includeInIndex = 0; path = "\bQCloudPlayerDemo\b\b\bTests.xctest"; sourceTree = BUILT_PRODUCTS_DIR; };
		466C0BCB1F271D5B00F566A9 /* _QCloudPlayerDemo___Tests.m */ = {isa = PBXFileReference; lastKnownFileType = sourcecode.c.objc; path = "_QCloudPlayerDemo___Tests.m"; sourceTree = "<group>"; };
		466C0BCD1F271D5B00F566A9 /* Info.plist */ = {isa = PBXFileReference; lastKnownFileType = text.plist.xml; path = Info.plist; sourceTree = "<group>"; };
		466C0BD21F271D5C00F566A9 /* QCloudPlayerDemoUITests.xctest */ = {isa = PBXFileReference; explicitFileType = wrapper.cfbundle; includeInIndex = 0; path = "\bQCloudPlayerDemo\b\b\bUITests.xctest"; sourceTree = BUILT_PRODUCTS_DIR; };
		466C0BD61F271D5C00F566A9 /* _QCloudPlayerDemo___UITests.m */ = {isa = PBXFileReference; lastKnownFileType = sourcecode.c.objc; path = "_QCloudPlayerDemo___UITests.m"; sourceTree = "<group>"; };
		466C0BD81F271D5C00F566A9 /* Info.plist */ = {isa = PBXFileReference; lastKnownFileType = text.plist.xml; path = Info.plist; sourceTree = "<group>"; };
		466C0BE51F271E6300F566A9 /* libicucore.tbd */ = {isa = PBXFileReference; lastKnownFileType = "sourcecode.text-based-dylib-definition"; name = libicucore.tbd; path = usr/lib/libicucore.tbd; sourceTree = SDKROOT; };
		466C0BE71F271E6C00F566A9 /* libresolv.9.tbd */ = {isa = PBXFileReference; lastKnownFileType = "sourcecode.text-based-dylib-definition"; name = libresolv.9.tbd; path = usr/lib/libresolv.9.tbd; sourceTree = SDKROOT; };
		466C0BE91F271E7B00F566A9 /* libz.tbd */ = {isa = PBXFileReference; lastKnownFileType = "sourcecode.text-based-dylib-definition"; name = libz.tbd; path = usr/lib/libz.tbd; sourceTree = SDKROOT; };
		466C0BEB1F271E8500F566A9 /* libc++.tbd */ = {isa = PBXFileReference; lastKnownFileType = "sourcecode.text-based-dylib-definition"; name = "libc++.tbd"; path = "usr/lib/libc++.tbd"; sourceTree = SDKROOT; };
		466C0BEF1F27204D00F566A9 /* libc.tbd */ = {isa = PBXFileReference; lastKnownFileType = "sourcecode.text-based-dylib-definition"; name = libc.tbd; path = usr/lib/libc.tbd; sourceTree = SDKROOT; };
		466C0BF41F2727F400F566A9 /* QCloudVideoPlayer.framework */ = {isa = PBXFileReference; lastKnownFileType = wrapper.framework; path = QCloudVideoPlayer.framework; sourceTree = "<group>"; };
/* End PBXFileReference section */

/* Begin PBXFrameworksBuildPhase section */
		466C0BAB1F271D5B00F566A9 /* Frameworks */ = {
			isa = PBXFrameworksBuildPhase;
			buildActionMask = 2147483647;
			files = (
				466C0BF61F272A7200F566A9 /* QCloudVideoPlayer.framework in Frameworks */,
				466C0BF01F27204D00F566A9 /* libc.tbd in Frameworks */,
				466C0BEC1F271E8500F566A9 /* libc++.tbd in Frameworks */,
				466C0BEA1F271E7B00F566A9 /* libz.tbd in Frameworks */,
				466C0BE81F271E6C00F566A9 /* libresolv.9.tbd in Frameworks */,
				466C0BE61F271E6300F566A9 /* libicucore.tbd in Frameworks */,
				466C0BF51F2727F400F566A9 /* QCloudVideoPlayer.framework in Frameworks */,
			);
			runOnlyForDeploymentPostprocessing = 0;
		};
		466C0BC41F271D5B00F566A9 /* Frameworks */ = {
			isa = PBXFrameworksBuildPhase;
			buildActionMask = 2147483647;
			files = (
			);
			runOnlyForDeploymentPostprocessing = 0;
		};
		466C0BCF1F271D5C00F566A9 /* Frameworks */ = {
			isa = PBXFrameworksBuildPhase;
			buildActionMask = 2147483647;
			files = (
			);
			runOnlyForDeploymentPostprocessing = 0;
		};
/* End PBXFrameworksBuildPhase section */

/* Begin PBXGroup section */
		466C0BA51F271D5B00F566A9 = {
			isa = PBXGroup;
			children = (
				466C0BB01F271D5B00F566A9 /* QCloudPlayerDemo */,
				466C0BCA1F271D5B00F566A9 /* QCloudPlayerDemoTests */,
				466C0BD51F271D5C00F566A9 /* QCloudPlayerDemoUITests */,
				466C0BAF1F271D5B00F566A9 /* Products */,
				466C0BE41F271E6200F566A9 /* Frameworks */,
			);
			sourceTree = "<group>";
		};
		466C0BAF1F271D5B00F566A9 /* Products */ = {
			isa = PBXGroup;
			children = (
				466C0BAE1F271D5B00F566A9 /* QCloudPlayerDemo.app */,
				466C0BC71F271D5B00F566A9 /* QCloudPlayerDemoTests.xctest */,
				466C0BD21F271D5C00F566A9 /* QCloudPlayerDemoUITests.xctest */,
			);
			name = Products;
			sourceTree = "<group>";
		};
		466C0BB01F271D5B00F566A9 /* QCloudPlayerDemo */ = {
			isa = PBXGroup;
			children = (
				466C0BF41F2727F400F566A9 /* QCloudVideoPlayer.framework */,
				466C0BB41F271D5B00F566A9 /* AppDelegate.h */,
				466C0BB51F271D5B00F566A9 /* AppDelegate.m */,
				466C0BB71F271D5B00F566A9 /* ViewController.h */,
				466C0BB81F271D5B00F566A9 /* ViewController.m */,
				466C0BBA1F271D5B00F566A9 /* Main.storyboard */,
				466C0BBD1F271D5B00F566A9 /* Assets.xcassets */,
				466C0BBF1F271D5B00F566A9 /* LaunchScreen.storyboard */,
				466C0BC21F271D5B00F566A9 /* Info.plist */,
				466C0BB11F271D5B00F566A9 /* Supporting Files */,
			);
			path = "\bQCloudPlayerDemo\b\b\b";
			sourceTree = "<group>";
		};
		466C0BB11F271D5B00F566A9 /* Supporting Files */ = {
			isa = PBXGroup;
			children = (
				466C0BB21F271D5B00F566A9 /* main.m */,
			);
			name = "Supporting Files";
			sourceTree = "<group>";
		};
		466C0BCA1F271D5B00F566A9 /* QCloudPlayerDemoTests */ = {
			isa = PBXGroup;
			children = (
				466C0BCB1F271D5B00F566A9 /* _QCloudPlayerDemo___Tests.m */,
				466C0BCD1F271D5B00F566A9 /* Info.plist */,
			);
			path = "\bQCloudPlayerDemo\b\b\bTests";
			sourceTree = "<group>";
		};
		466C0BD51F271D5C00F566A9 /* QCloudPlayerDemoUITests */ = {
			isa = PBXGroup;
			children = (
				466C0BD61F271D5C00F566A9 /* _QCloudPlayerDemo___UITests.m */,
				466C0BD81F271D5C00F566A9 /* Info.plist */,
			);
			path = "\bQCloudPlayerDemo\b\b\bUITests";
			sourceTree = "<group>";
		};
		466C0BE41F271E6200F566A9 /* Frameworks */ = {
			isa = PBXGroup;
			children = (
				466C0BEF1F27204D00F566A9 /* libc.tbd */,
				466C0BEB1F271E8500F566A9 /* libc++.tbd */,
				466C0BE91F271E7B00F566A9 /* libz.tbd */,
				466C0BE71F271E6C00F566A9 /* libresolv.9.tbd */,
				466C0BE51F271E6300F566A9 /* libicucore.tbd */,
			);
			name = Frameworks;
			sourceTree = "<group>";
		};
/* End PBXGroup section */

/* Begin PBXNativeTarget section */
		466C0BAD1F271D5B00F566A9 /* QCloudPlayerDemo */ = {
			isa = PBXNativeTarget;
			buildConfigurationList = 466C0BDB1F271D5C00F566A9 /* Build configuration list for PBXNativeTarget "QCloudPlayerDemo" */;
			buildPhases = (
				466C0BAA1F271D5B00F566A9 /* Sources */,
				466C0BAB1F271D5B00F566A9 /* Frameworks */,
				466C0BAC1F271D5B00F566A9 /* Resources */,
				466C0BF81F272A7200F566A9 /* Embed Frameworks */,
			);
			buildRules = (
			);
			dependencies = (
			);
			name = "\bQCloudPlayerDemo\b\b\b";
			productName = "\bQCloudPlayerDemo\b\b\b";
			productReference = 466C0BAE1F271D5B00F566A9 /* QCloudPlayerDemo.app */;
			productType = "com.apple.product-type.application";
		};
		466C0BC61F271D5B00F566A9 /* QCloudPlayerDemoTests */ = {
			isa = PBXNativeTarget;
			buildConfigurationList = 466C0BDE1F271D5C00F566A9 /* Build configuration list for PBXNativeTarget "QCloudPlayerDemoTests" */;
			buildPhases = (
				466C0BC31F271D5B00F566A9 /* Sources */,
				466C0BC41F271D5B00F566A9 /* Frameworks */,
				466C0BC51F271D5B00F566A9 /* Resources */,
			);
			buildRules = (
			);
			dependencies = (
				466C0BC91F271D5B00F566A9 /* PBXTargetDependency */,
			);
			name = "\bQCloudPlayerDemo\b\b\bTests";
			productName = "\bQCloudPlayerDemo\b\b\bTests";
			productReference = 466C0BC71F271D5B00F566A9 /* QCloudPlayerDemoTests.xctest */;
			productType = "com.apple.product-type.bundle.unit-test";
		};
		466C0BD11F271D5C00F566A9 /* QCloudPlayerDemoUITests */ = {
			isa = PBXNativeTarget;
			buildConfigurationList = 466C0BE11F271D5C00F566A9 /* Build configuration list for PBXNativeTarget "QCloudPlayerDemoUITests" */;
			buildPhases = (
				466C0BCE1F271D5C00F566A9 /* Sources */,
				466C0BCF1F271D5C00F566A9 /* Frameworks */,
				466C0BD01F271D5C00F566A9 /* Resources */,
			);
			buildRules = (
			);
			dependencies = (
				466C0BD41F271D5C00F566A9 /* PBXTargetDependency */,
			);
			name = "\bQCloudPlayerDemo\b\b\bUITests";
			productName = "\bQCloudPlayerDemo\b\b\bUITests";
			productReference = 466C0BD21F271D5C00F566A9 /* QCloudPlayerDemoUITests.xctest */;
			productType = "com.apple.product-type.bundle.ui-testing";
		};
/* End PBXNativeTarget section */

/* Begin PBXProject section */
		466C0BA61F271D5B00F566A9 /* Project object */ = {
			isa = PBXProject;
			attributes = {
				LastUpgradeCheck = 0830;
				ORGANIZATIONNAME = jialifei;
				TargetAttributes = {
					466C0BAD1F271D5B00F566A9 = {
						CreatedOnToolsVersion = 8.3.3;
						DevelopmentTeam = BNJYVU9C78;
						ProvisioningStyle = Automatic;
					};
					466C0BC61F271D5B00F566A9 = {
						CreatedOnToolsVersion = 8.3.3;
						DevelopmentTeam = BNJYVU9C78;
						ProvisioningStyle = Automatic;
						TestTargetID = 466C0BAD1F271D5B00F566A9;
					};
					466C0BD11F271D5C00F566A9 = {
						CreatedOnToolsVersion = 8.3.3;
						DevelopmentTeam = BNJYVU9C78;
						ProvisioningStyle = Automatic;
						TestTargetID = 466C0BAD1F271D5B00F566A9;
					};
				};
			};
			buildConfigurationList = 466C0BA91F271D5B00F566A9 /* Build configuration list for PBXProject "QCloudPlayerDemo" */;
			compatibilityVersion = "Xcode 3.2";
			developmentRegion = English;
			hasScannedForEncodings = 0;
			knownRegions = (
				en,
				Base,
			);
			mainGroup = 466C0BA51F271D5B00F566A9;
			productRefGroup = 466C0BAF1F271D5B00F566A9 /* Products */;
			projectDirPath = "";
			projectRoot = "";
			targets = (
				466C0BAD1F271D5B00F566A9 /* QCloudPlayerDemo */,
				466C0BC61F271D5B00F566A9 /* QCloudPlayerDemoTests */,
				466C0BD11F271D5C00F566A9 /* QCloudPlayerDemoUITests */,
			);
		};
/* End PBXProject section */

/* Begin PBXResourcesBuildPhase section */
		466C0BAC1F271D5B00F566A9 /* Resources */ = {
			isa = PBXResourcesBuildPhase;
			buildActionMask = 2147483647;
			files = (
				466C0BC11F271D5B00F566A9 /* LaunchScreen.storyboard in Resources */,
				466C0BBE1F271D5B00F566A9 /* Assets.xcassets in Resources */,
				466C0BBC1F271D5B00F566A9 /* Main.storyboard in Resources */,
			);
			runOnlyForDeploymentPostprocessing = 0;
		};
		466C0BC51F271D5B00F566A9 /* Resources */ = {
			isa = PBXResourcesBuildPhase;
			buildActionMask = 2147483647;
			files = (
			);
			runOnlyForDeploymentPostprocessing = 0;
		};
		466C0BD01F271D5C00F566A9 /* Resources */ = {
			isa = PBXResourcesBuildPhase;
			buildActionMask = 2147483647;
			files = (
			);
			runOnlyForDeploymentPostprocessing = 0;
		};
/* End PBXResourcesBuildPhase section */

/* Begin PBXSourcesBuildPhase section */
		466C0BAA1F271D5B00F566A9 /* Sources */ = {
			isa = PBXSourcesBuildPhase;
			buildActionMask = 2147483647;
			files = (
				466C0BB91F271D5B00F566A9 /* ViewController.m in Sources */,
				466C0BB61F271D5B00F566A9 /* AppDelegate.m in Sources */,
				466C0BB31F271D5B00F566A9 /* main.m in Sources */,
			);
			runOnlyForDeploymentPostprocessing = 0;
		};
		466C0BC31F271D5B00F566A9 /* Sources */ = {
			isa = PBXSourcesBuildPhase;
			buildActionMask = 2147483647;
			files = (
				466C0BCC1F271D5B00F566A9 /* _QCloudPlayerDemo___Tests.m in Sources */,
			);
			runOnlyForDeploymentPostprocessing = 0;
		};
		466C0BCE1F271D5C00F566A9 /* Sources */ = {
			isa = PBXSourcesBuildPhase;
			buildActionMask = 2147483647;
			files = (
				466C0BD71F271D5C00F566A9 /* _QCloudPlayerDemo___UITests.m in Sources */,
			);
			runOnlyForDeploymentPostprocessing = 0;
		};
/* End PBXSourcesBuildPhase section */

/* Begin PBXTargetDependency section */
		466C0BC91F271D5B00F566A9 /* PBXTargetDependency */ = {
			isa = PBXTargetDependency;
			target = 466C0BAD1F271D5B00F566A9 /* QCloudPlayerDemo */;
			targetProxy = 466C0BC81F271D5B00F566A9 /* PBXContainerItemProxy */;
		};
		466C0BD41F271D5C00F566A9 /* PBXTargetDependency */ = {
			isa = PBXTargetDependency;
			target = 466C0BAD1F271D5B00F566A9 /* QCloudPlayerDemo */;
			targetProxy = 466C0BD31F271D5C00F566A9 /* PBXContainerItemProxy */;
		};
/* End PBXTargetDependency section */

/* Begin PBXVariantGroup section */
		466C0BBA1F271D5B00F566A9 /* Main.storyboard */ = {
			isa = PBXVariantGroup;
			children = (
				466C0BBB1F271D5B00F566A9 /* Base */,
			);
			name = Main.storyboard;
			sourceTree = "<group>";
		};
		466C0BBF1F271D5B00F566A9 /* LaunchScreen.storyboard */ = {
			isa = PBXVariantGroup;
			children = (
				466C0BC01F271D5B00F566A9 /* Base */,
			);
			name = LaunchScreen.storyboard;
			sourceTree = "<group>";
		};
/* End PBXVariantGroup section */

/* Begin XCBuildConfiguration section */
		466C0BD91F271D5C00F566A9 /* Debug */ = {
			isa = XCBuildConfiguration;
			buildSettings = {
				ALWAYS_SEARCH_USER_PATHS = NO;
				CLANG_ANALYZER_NONNULL = YES;
				CLANG_ANALYZER_NUMBER_OBJECT_CONVERSION = YES_AGGRESSIVE;
				CLANG_CXX_LANGUAGE_STANDARD = "gnu++0x";
				CLANG_CXX_LIBRARY = "libc++";
				CLANG_ENABLE_MODULES = YES;
				CLANG_ENABLE_OBJC_ARC = YES;
				CLANG_WARN_BOOL_CONVERSION = YES;
				CLANG_WARN_CONSTANT_CONVERSION = YES;
				CLANG_WARN_DIRECT_OBJC_ISA_USAGE = YES_ERROR;
				CLANG_WARN_DOCUMENTATION_COMMENTS = YES;
				CLANG_WARN_EMPTY_BODY = YES;
				CLANG_WARN_ENUM_CONVERSION = YES;
				CLANG_WARN_INFINITE_RECURSION = YES;
				CLANG_WARN_INT_CONVERSION = YES;
				CLANG_WARN_OBJC_ROOT_CLASS = YES_ERROR;
				CLANG_WARN_SUSPICIOUS_MOVE = YES;
				CLANG_WARN_UNREACHABLE_CODE = YES;
				CLANG_WARN__DUPLICATE_METHOD_MATCH = YES;
				"CODE_SIGN_IDENTITY[sdk=iphoneos*]" = "iPhone Developer";
				COPY_PHASE_STRIP = NO;
				DEBUG_INFORMATION_FORMAT = dwarf;
				ENABLE_STRICT_OBJC_MSGSEND = YES;
				ENABLE_TESTABILITY = YES;
				GCC_C_LANGUAGE_STANDARD = gnu99;
				GCC_DYNAMIC_NO_PIC = NO;
				GCC_NO_COMMON_BLOCKS = YES;
				GCC_OPTIMIZATION_LEVEL = 0;
				GCC_PREPROCESSOR_DEFINITIONS = (
					"DEBUG=1",
					"$(inherited)",
				);
				GCC_WARN_64_TO_32_BIT_CONVERSION = YES;
				GCC_WARN_ABOUT_RETURN_TYPE = YES_ERROR;
				GCC_WARN_UNDECLARED_SELECTOR = YES;
				GCC_WARN_UNINITIALIZED_AUTOS = YES_AGGRESSIVE;
				GCC_WARN_UNUSED_FUNCTION = YES;
				GCC_WARN_UNUSED_VARIABLE = YES;
				IPHONEOS_DEPLOYMENT_TARGET = 10.3;
				MTL_ENABLE_DEBUG_INFO = YES;
				ONLY_ACTIVE_ARCH = YES;
				SDKROOT = iphoneos;
				TARGETED_DEVICE_FAMILY = "1,2";
			};
			name = Debug;
		};
		466C0BDA1F271D5C00F566A9 /* Release */ = {
			isa = XCBuildConfiguration;
			buildSettings = {
				ALWAYS_SEARCH_USER_PATHS = NO;
				CLANG_ANALYZER_NONNULL = YES;
				CLANG_ANALYZER_NUMBER_OBJECT_CONVERSION = YES_AGGRESSIVE;
				CLANG_CXX_LANGUAGE_STANDARD = "gnu++0x";
				CLANG_CXX_LIBRARY = "libc++";
				CLANG_ENABLE_MODULES = YES;
				CLANG_ENABLE_OBJC_ARC = YES;
				CLANG_WARN_BOOL_CONVERSION = YES;
				CLANG_WARN_CONSTANT_CONVERSION = YES;
				CLANG_WARN_DIRECT_OBJC_ISA_USAGE = YES_ERROR;
				CLANG_WARN_DOCUMENTATION_COMMENTS = YES;
				CLANG_WARN_EMPTY_BODY = YES;
				CLANG_WARN_ENUM_CONVERSION = YES;
				CLANG_WARN_INFINITE_RECURSION = YES;
				CLANG_WARN_INT_CONVERSION = YES;
				CLANG_WARN_OBJC_ROOT_CLASS = YES_ERROR;
				CLANG_WARN_SUSPICIOUS_MOVE = YES;
				CLANG_WARN_UNREACHABLE_CODE = YES;
				CLANG_WARN__DUPLICATE_METHOD_MATCH = YES;
				"CODE_SIGN_IDENTITY[sdk=iphoneos*]" = "iPhone Developer";
				COPY_PHASE_STRIP = NO;
				DEBUG_INFORMATION_FORMAT = "dwarf-with-dsym";
				ENABLE_NS_ASSERTIONS = NO;
				ENABLE_STRICT_OBJC_MSGSEND = YES;
				GCC_C_LANGUAGE_STANDARD = gnu99;
				GCC_NO_COMMON_BLOCKS = YES;
				GCC_WARN_64_TO_32_BIT_CONVERSION = YES;
				GCC_WARN_ABOUT_RETURN_TYPE = YES_ERROR;
				GCC_WARN_UNDECLARED_SELECTOR = YES;
				GCC_WARN_UNINITIALIZED_AUTOS = YES_AGGRESSIVE;
				GCC_WARN_UNUSED_FUNCTION = YES;
				GCC_WARN_UNUSED_VARIABLE = YES;
				IPHONEOS_DEPLOYMENT_TARGET = 10.3;
				MTL_ENABLE_DEBUG_INFO = NO;
				SDKROOT = iphoneos;
				TARGETED_DEVICE_FAMILY = "1,2";
				VALIDATE_PRODUCT = YES;
			};
			name = Release;
		};
		466C0BDC1F271D5C00F566A9 /* Debug */ = {
			isa = XCBuildConfiguration;
			buildSettings = {
				ASSETCATALOG_COMPILER_APPICON_NAME = AppIcon;
				DEVELOPMENT_TEAM = BNJYVU9C78;
				FRAMEWORK_SEARCH_PATHS = (
					"$(inherited)",
					"$(PROJECT_DIR)/\bQCloudPlayerDemo\b\b\b",
				);
				INFOPLIST_FILE = "\bQCloudPlayerDemo\b\b\b/Info.plist";
				LD_RUNPATH_SEARCH_PATHS = "$(inherited) @executable_path/Frameworks";
				PRODUCT_BUNDLE_IDENTIFIER = "tencent.com.-QCloudPlayerDemo---";
				PRODUCT_NAME = "$(TARGET_NAME)";
			};
			name = Debug;
		};
		466C0BDD1F271D5C00F566A9 /* Release */ = {
			isa = XCBuildConfiguration;
			buildSettings = {
				ASSETCATALOG_COMPILER_APPICON_NAME = AppIcon;
				DEVELOPMENT_TEAM = BNJYVU9C78;
				FRAMEWORK_SEARCH_PATHS = (
					"$(inherited)",
					"$(PROJECT_DIR)/\bQCloudPlayerDemo\b\b\b",
				);
				INFOPLIST_FILE = "\bQCloudPlayerDemo\b\b\b/Info.plist";
				LD_RUNPATH_SEARCH_PATHS = "$(inherited) @executable_path/Frameworks";
				PRODUCT_BUNDLE_IDENTIFIER = "tencent.com.-QCloudPlayerDemo---";
				PRODUCT_NAME = "$(TARGET_NAME)";
			};
			name = Release;
		};
		466C0BDF1F271D5C00F566A9 /* Debug */ = {
			isa = XCBuildConfiguration;
			buildSettings = {
				BUNDLE_LOADER = "$(TEST_HOST)";
				DEVELOPMENT_TEAM = BNJYVU9C78;
				INFOPLIST_FILE = "\bQCloudPlayerDemo\b\b\bTests/Info.plist";
				LD_RUNPATH_SEARCH_PATHS = "$(inherited) @executable_path/Frameworks @loader_path/Frameworks";
				PRODUCT_BUNDLE_IDENTIFIER = "tencent.com.-QCloudPlayerDemo---Tests";
				PRODUCT_NAME = "$(TARGET_NAME)";
				TEST_HOST = "$(BUILT_PRODUCTS_DIR)/\bQCloudPlayerDemo\b\b\b.app/\bQCloudPlayerDemo\b\b\b";
			};
			name = Debug;
		};
		466C0BE01F271D5C00F566A9 /* Release */ = {
			isa = XCBuildConfiguration;
			buildSettings = {
				BUNDLE_LOADER = "$(TEST_HOST)";
				DEVELOPMENT_TEAM = BNJYVU9C78;
				INFOPLIST_FILE = "\bQCloudPlayerDemo\b\b\bTests/Info.plist";
				LD_RUNPATH_SEARCH_PATHS = "$(inherited) @executable_path/Frameworks @loader_path/Frameworks";
				PRODUCT_BUNDLE_IDENTIFIER = "tencent.com.-QCloudPlayerDemo---Tests";
				PRODUCT_NAME = "$(TARGET_NAME)";
				TEST_HOST = "$(BUILT_PRODUCTS_DIR)/\bQCloudPlayerDemo\b\b\b.app/\bQCloudPlayerDemo\b\b\b";
			};
			name = Release;
		};
		466C0BE21F271D5C00F566A9 /* Debug */ = {
			isa = XCBuildConfiguration;
			buildSettings = {
				DEVELOPMENT_TEAM = BNJYVU9C78;
				INFOPLIST_FILE = "\bQCloudPlayerDemo\b\b\bUITests/Info.plist";
				LD_RUNPATH_SEARCH_PATHS = "$(inherited) @executable_path/Frameworks @loader_path/Frameworks";
				PRODUCT_BUNDLE_IDENTIFIER = "tencent.com.-QCloudPlayerDemo---UITests";
				PRODUCT_NAME = "$(TARGET_NAME)";
				TEST_TARGET_NAME = "\bQCloudPlayerDemo\b\b\b";
			};
			name = Debug;
		};
		466C0BE31F271D5C00F566A9 /* Release */ = {
			isa = XCBuildConfiguration;
			buildSettings = {
				DEVELOPMENT_TEAM = BNJYVU9C78;
				INFOPLIST_FILE = "\bQCloudPlayerDemo\b\b\bUITests/Info.plist";
				LD_RUNPATH_SEARCH_PATHS = "$(inherited) @executable_path/Frameworks @loader_path/Frameworks";
				PRODUCT_BUNDLE_IDENTIFIER = "tencent.com.-QCloudPlayerDemo---UITests";
				PRODUCT_NAME = "$(TARGET_NAME)";
				TEST_TARGET_NAME = "\bQCloudPlayerDemo\b\b\b";
			};
			name = Release;
		};
/* End XCBuildConfiguration section */

/* Begin XCConfigurationList section */
		466C0BA91F271D5B00F566A9 /* Build configuration list for PBXProject "QCloudPlayerDemo" */ = {
			isa = XCConfigurationList;
			buildConfigurations = (
				466C0BD91F271D5C00F566A9 /* Debug */,
				466C0BDA1F271D5C00F566A9 /* Release */,
			);
			defaultConfigurationIsVisible = 0;
			defaultConfigurationName = Release;
		};
		466C0BDB1F271D5C00F566A9 /* Build configuration list for PBXNativeTarget "QCloudPlayerDemo" */ = {
			isa = XCConfigurationList;
			buildConfigurations = (
				466C0BDC1F271D5C00F566A9 /* Debug */,
				466C0BDD1F271D5C00F566A9 /* Release */,
			);
			defaultConfigurationIsVisible = 0;
		};
		466C0BDE1F271D5C00F566A9 /* Build configuration list for PBXNativeTarget "QCloudPlayerDemoTests" */ = {
			isa = XCConfigurationList;
			buildConfigurations = (
				466C0BDF1F271D5C00F566A9 /* Debug */,
				466C0BE01F271D5C00F566A9 /* Release */,
			);
			defaultConfigurationIsVisible = 0;
		};
		466C0BE11F271D5C00F566A9 /* Build configuration list for PBXNativeTarget "QCloudPlayerDemoUITests" */ = {
			isa = XCConfigurationList;
			buildConfigurations = (
				466C0BE21F271D5C00F566A9 /* Debug */,
				466C0BE31F271D5C00F566A9 /* Release */,
			);
			defaultConfigurationIsVisible = 0;
		};
/* End XCConfigurationList section */
	};
	rootObject = 466C0BA61F271D5B00F566A9 /* Project object */;
}
